// !$*UTF8*$!
{
	archiveVersion = 1;
	classes = {
	};
	objectVersion = 46;
	objects = {

/* Begin PBXBuildFile section */
		8AE90ABD1858501F003AC862 /* Foundation.framework in Frameworks */ = {isa = PBXBuildFile; fileRef = 8AE90ABC1858501F003AC862 /* Foundation.framework */; };
		8AE90ABF1858501F003AC862 /* CoreGraphics.framework in Frameworks */ = {isa = PBXBuildFile; fileRef = 8AE90ABE1858501F003AC862 /* CoreGraphics.framework */; };
		8AE90AC11858501F003AC862 /* UIKit.framework in Frameworks */ = {isa = PBXBuildFile; fileRef = 8AE90AC01858501F003AC862 /* UIKit.framework */; };
		8AE90AC71858501F003AC862 /* InfoPlist.strings in Resources */ = {isa = PBXBuildFile; fileRef = 8AE90AC51858501F003AC862 /* InfoPlist.strings */; };
		8AE90AC91858501F003AC862 /* main.m in Sources */ = {isa = PBXBuildFile; fileRef = 8AE90AC81858501F003AC862 /* main.m */; };
		8AE90ACD1858501F003AC862 /* AppDelegate.m in Sources */ = {isa = PBXBuildFile; fileRef = 8AE90ACC1858501F003AC862 /* AppDelegate.m */; };
		8AE90AD51858501F003AC862 /* Images.xcassets in Resources */ = {isa = PBXBuildFile; fileRef = 8AE90AD41858501F003AC862 /* Images.xcassets */; };
		8AE90ADC18585020003AC862 /* XCTest.framework in Frameworks */ = {isa = PBXBuildFile; fileRef = 8AE90ADB18585020003AC862 /* XCTest.framework */; };
		8AE90ADD18585020003AC862 /* Foundation.framework in Frameworks */ = {isa = PBXBuildFile; fileRef = 8AE90ABC1858501F003AC862 /* Foundation.framework */; };
		8AE90ADE18585020003AC862 /* UIKit.framework in Frameworks */ = {isa = PBXBuildFile; fileRef = 8AE90AC01858501F003AC862 /* UIKit.framework */; };
		8AE90AE618585020003AC862 /* InfoPlist.strings in Resources */ = {isa = PBXBuildFile; fileRef = 8AE90AE418585020003AC862 /* InfoPlist.strings */; };
		8AE90AE818585020003AC862 /* LoopMovieTests.m in Sources */ = {isa = PBXBuildFile; fileRef = 8AE90AE718585020003AC862 /* LoopMovieTests.m */; };
		8AE90AF2185850A9003AC862 /* MediaPlayer.framework in Frameworks */ = {isa = PBXBuildFile; fileRef = 8AE90AF1185850A9003AC862 /* MediaPlayer.framework */; };
		8AE90AF61858513B003AC862 /* MainWindow.xib in Resources */ = {isa = PBXBuildFile; fileRef = 8AE90AF31858513B003AC862 /* MainWindow.xib */; };
		8AE90AF71858513B003AC862 /* PlayerViewController.m in Sources */ = {isa = PBXBuildFile; fileRef = 8AE90AF51858513B003AC862 /* PlayerViewController.m */; };
		8AE90AFA18585257003AC862 /* cover.mp4 in Resources */ = {isa = PBXBuildFile; fileRef = 8AE90AF918585257003AC862 /* cover.mp4 */; };
/* End PBXBuildFile section */

/* Begin PBXContainerItemProxy section */
		8AE90ADF18585020003AC862 /* PBXContainerItemProxy */ = {
			isa = PBXContainerItemProxy;
			containerPortal = 8AE90AB11858501F003AC862 /* Project object */;
			proxyType = 1;
			remoteGlobalIDString = 8AE90AB81858501F003AC862;
			remoteInfo = LoopMovie;
		};
/* End PBXContainerItemProxy section */

/* Begin PBXFileReference section */
		8AE90AB91858501F003AC862 /* LoopMovie.app */ = {isa = PBXFileReference; explicitFileType = wrapper.application; includeInIndex = 0; path = LoopMovie.app; sourceTree = BUILT_PRODUCTS_DIR; };
		8AE90ABC1858501F003AC862 /* Foundation.framework */ = {isa = PBXFileReference; lastKnownFileType = wrapper.framework; name = Foundation.framework; path = System/Library/Frameworks/Foundation.framework; sourceTree = SDKROOT; };
		8AE90ABE1858501F003AC862 /* CoreGraphics.framework */ = {isa = PBXFileReference; lastKnownFileType = wrapper.framework; name = CoreGraphics.framework; path = System/Library/Frameworks/CoreGraphics.framework; sourceTree = SDKROOT; };
		8AE90AC01858501F003AC862 /* UIKit.framework */ = {isa = PBXFileReference; lastKnownFileType = wrapper.framework; name = UIKit.framework; path = System/Library/Frameworks/UIKit.framework; sourceTree = SDKROOT; };
		8AE90AC41858501F003AC862 /* LoopMovie-Info.plist */ = {isa = PBXFileReference; lastKnownFileType = text.plist.xml; path = "LoopMovie-Info.plist"; sourceTree = "<group>"; };
		8AE90AC61858501F003AC862 /* en */ = {isa = PBXFileReference; lastKnownFileType = text.plist.strings; name = en; path = en.lproj/InfoPlist.strings; sourceTree = "<group>"; };
		8AE90AC81858501F003AC862 /* main.m */ = {isa = PBXFileReference; lastKnownFileType = sourcecode.c.objc; path = main.m; sourceTree = "<group>"; };
		8AE90ACA1858501F003AC862 /* LoopMovie-Prefix.pch */ = {isa = PBXFileReference; lastKnownFileType = sourcecode.c.h; path = "LoopMovie-Prefix.pch"; sourceTree = "<group>"; };
		8AE90ACB1858501F003AC862 /* AppDelegate.h */ = {isa = PBXFileReference; lastKnownFileType = sourcecode.c.h; path = AppDelegate.h; sourceTree = "<group>"; };
		8AE90ACC1858501F003AC862 /* AppDelegate.m */ = {isa = PBXFileReference; lastKnownFileType = sourcecode.c.objc; path = AppDelegate.m; sourceTree = "<group>"; };
		8AE90AD41858501F003AC862 /* Images.xcassets */ = {isa = PBXFileReference; lastKnownFileType = folder.assetcatalog; path = Images.xcassets; sourceTree = "<group>"; };
		8AE90ADA18585020003AC862 /* LoopMovieTests.xctest */ = {isa = PBXFileReference; explicitFileType = wrapper.cfbundle; includeInIndex = 0; path = LoopMovieTests.xctest; sourceTree = BUILT_PRODUCTS_DIR; };
		8AE90ADB18585020003AC862 /* XCTest.framework */ = {isa = PBXFileReference; lastKnownFileType = wrapper.framework; name = XCTest.framework; path = Library/Frameworks/XCTest.framework; sourceTree = DEVELOPER_DIR; };
		8AE90AE318585020003AC862 /* LoopMovieTests-Info.plist */ = {isa = PBXFileReference; lastKnownFileType = text.plist.xml; path = "LoopMovieTests-Info.plist"; sourceTree = "<group>"; };
		8AE90AE518585020003AC862 /* en */ = {isa = PBXFileReference; lastKnownFileType = text.plist.strings; name = en; path = en.lproj/InfoPlist.strings; sourceTree = "<group>"; };
		8AE90AE718585020003AC862 /* LoopMovieTests.m */ = {isa = PBXFileReference; lastKnownFileType = sourcecode.c.objc; path = LoopMovieTests.m; sourceTree = "<group>"; };
		8AE90AF1185850A9003AC862 /* MediaPlayer.framework */ = {isa = PBXFileReference; lastKnownFileType = wrapper.framework; name = MediaPlayer.framework; path = System/Library/Frameworks/MediaPlayer.framework; sourceTree = SDKROOT; };
		8AE90AF31858513B003AC862 /* MainWindow.xib */ = {isa = PBXFileReference; fileEncoding = 4; lastKnownFileType = file.xib; path = MainWindow.xib; sourceTree = "<group>"; };
		8AE90AF41858513B003AC862 /* PlayerViewController.h */ = {isa = PBXFileReference; fileEncoding = 4; lastKnownFileType = sourcecode.c.h; path = PlayerViewController.h; sourceTree = "<group>"; };
		8AE90AF51858513B003AC862 /* PlayerViewController.m */ = {isa = PBXFileReference; fileEncoding = 4; lastKnownFileType = sourcecode.c.objc; path = PlayerViewController.m; sourceTree = "<group>"; };
		8AE90AF918585257003AC862 /* cover.mp4 */ = {isa = PBXFileReference; lastKnownFileType = file; path = cover.mp4; sourceTree = "<group>"; };
/* End PBXFileReference section */

/* Begin PBXFrameworksBuildPhase section */
		8AE90AB61858501F003AC862 /* Frameworks */ = {
			isa = PBXFrameworksBuildPhase;
			buildActionMask = 2147483647;
			files = (
				8AE90ABF1858501F003AC862 /* CoreGraphics.framework in Frameworks */,
				8AE90AC11858501F003AC862 /* UIKit.framework in Frameworks */,
				8AE90ABD1858501F003AC862 /* Foundation.framework in Frameworks */,
				8AE90AF2185850A9003AC862 /* MediaPlayer.framework in Frameworks */,
			);
			runOnlyForDeploymentPostprocessing = 0;
		};
		8AE90AD718585020003AC862 /* Frameworks */ = {
			isa = PBXFrameworksBuildPhase;
			buildActionMask = 2147483647;
			files = (
				8AE90ADC18585020003AC862 /* XCTest.framework in Frameworks */,
				8AE90ADE18585020003AC862 /* UIKit.framework in Frameworks */,
				8AE90ADD18585020003AC862 /* Foundation.framework in Frameworks */,
			);
			runOnlyForDeploymentPostprocessing = 0;
		};
/* End PBXFrameworksBuildPhase section */

/* Begin PBXGroup section */
		8AE90AB01858501F003AC862 = {
			isa = PBXGroup;
			children = (
				8AE90AC21858501F003AC862 /* LoopMovie */,
				8AE90AF818585257003AC862 /* Resources */,
				8AE90AE118585020003AC862 /* LoopMovieTests */,
				8AE90ABB1858501F003AC862 /* Frameworks */,
				8AE90ABA1858501F003AC862 /* Products */,
			);
			sourceTree = "<group>";
		};
		8AE90ABA1858501F003AC862 /* Products */ = {
			isa = PBXGroup;
			children = (
				8AE90AB91858501F003AC862 /* LoopMovie.app */,
				8AE90ADA18585020003AC862 /* LoopMovieTests.xctest */,
			);
			name = Products;
			sourceTree = "<group>";
		};
		8AE90ABB1858501F003AC862 /* Frameworks */ = {
			isa = PBXGroup;
			children = (
				8AE90ABC1858501F003AC862 /* Foundation.framework */,
				8AE90ABE1858501F003AC862 /* CoreGraphics.framework */,
				8AE90AC01858501F003AC862 /* UIKit.framework */,
				8AE90ADB18585020003AC862 /* XCTest.framework */,
				8AE90AF1185850A9003AC862 /* MediaPlayer.framework */,
			);
			name = Frameworks;
			sourceTree = "<group>";
		};
		8AE90AC21858501F003AC862 /* LoopMovie */ = {
			isa = PBXGroup;
			children = (
				8AE90ACB1858501F003AC862 /* AppDelegate.h */,
				8AE90ACC1858501F003AC862 /* AppDelegate.m */,
				8AE90AF31858513B003AC862 /* MainWindow.xib */,
				8AE90AF41858513B003AC862 /* PlayerViewController.h */,
				8AE90AF51858513B003AC862 /* PlayerViewController.m */,
				8AE90AD41858501F003AC862 /* Images.xcassets */,
				8AE90AC31858501F003AC862 /* Supporting Files */,
			);
			path = LoopMovie;
			sourceTree = "<group>";
		};
		8AE90AC31858501F003AC862 /* Supporting Files */ = {
			isa = PBXGroup;
			children = (
				8AE90AC41858501F003AC862 /* LoopMovie-Info.plist */,
				8AE90AC51858501F003AC862 /* InfoPlist.strings */,
				8AE90AC81858501F003AC862 /* main.m */,
				8AE90ACA1858501F003AC862 /* LoopMovie-Prefix.pch */,
			);
			name = "Supporting Files";
			sourceTree = "<group>";
		};
		8AE90AE118585020003AC862 /* LoopMovieTests */ = {
			isa = PBXGroup;
			children = (
				8AE90AE718585020003AC862 /* LoopMovieTests.m */,
				8AE90AE218585020003AC862 /* Supporting Files */,
			);
			path = LoopMovieTests;
			sourceTree = "<group>";
		};
		8AE90AE218585020003AC862 /* Supporting Files */ = {
			isa = PBXGroup;
			children = (
				8AE90AE318585020003AC862 /* LoopMovieTests-Info.plist */,
				8AE90AE418585020003AC862 /* InfoPlist.strings */,
			);
			name = "Supporting Files";
			sourceTree = "<group>";
		};
		8AE90AF818585257003AC862 /* Resources */ = {
			isa = PBXGroup;
			children = (
				8AE90AF918585257003AC862 /* cover.mp4 */,
			);
			name = Resources;
			path = LoopMovie/Resources;
			sourceTree = "<group>";
		};
/* End PBXGroup section */

/* Begin PBXNativeTarget section */
		8AE90AB81858501F003AC862 /* LoopMovie */ = {
			isa = PBXNativeTarget;
			buildConfigurationList = 8AE90AEB18585020003AC862 /* Build configuration list for PBXNativeTarget "LoopMovie" */;
			buildPhases = (
				8AE90AB51858501F003AC862 /* Sources */,
				8AE90AB61858501F003AC862 /* Frameworks */,
				8AE90AB71858501F003AC862 /* Resources */,
			);
			buildRules = (
			);
			dependencies = (
			);
			name = LoopMovie;
			productName = LoopMovie;
			productReference = 8AE90AB91858501F003AC862 /* LoopMovie.app */;
			productType = "com.apple.product-type.application";
		};
		8AE90AD918585020003AC862 /* LoopMovieTests */ = {
			isa = PBXNativeTarget;
			buildConfigurationList = 8AE90AEE18585020003AC862 /* Build configuration list for PBXNativeTarget "LoopMovieTests" */;
			buildPhases = (
				8AE90AD618585020003AC862 /* Sources */,
				8AE90AD718585020003AC862 /* Frameworks */,
				8AE90AD818585020003AC862 /* Resources */,
			);
			buildRules = (
			);
			dependencies = (
				8AE90AE018585020003AC862 /* PBXTargetDependency */,
			);
			name = LoopMovieTests;
			productName = LoopMovieTests;
			productReference = 8AE90ADA18585020003AC862 /* LoopMovieTests.xctest */;
			productType = "com.apple.product-type.bundle.unit-test";
		};
/* End PBXNativeTarget section */

/* Begin PBXProject section */
		8AE90AB11858501F003AC862 /* Project object */ = {
			isa = PBXProject;
			attributes = {
				LastUpgradeCheck = 0500;
				ORGANIZATIONNAME = "Hirohisa Kobayasi";
				TargetAttributes = {
					8AE90AD918585020003AC862 = {
						TestTargetID = 8AE90AB81858501F003AC862;
					};
				};
			};
			buildConfigurationList = 8AE90AB41858501F003AC862 /* Build configuration list for PBXProject "LoopMovie" */;
			compatibilityVersion = "Xcode 3.2";
			developmentRegion = English;
			hasScannedForEncodings = 0;
			knownRegions = (
				en,
				Base,
			);
			mainGroup = 8AE90AB01858501F003AC862;
			productRefGroup = 8AE90ABA1858501F003AC862 /* Products */;
			projectDirPath = "";
			projectRoot = "";
			targets = (
				8AE90AB81858501F003AC862 /* LoopMovie */,
				8AE90AD918585020003AC862 /* LoopMovieTests */,
			);
		};
/* End PBXProject section */

/* Begin PBXResourcesBuildPhase section */
		8AE90AB71858501F003AC862 /* Resources */ = {
			isa = PBXResourcesBuildPhase;
			buildActionMask = 2147483647;
			files = (
				8AE90AF61858513B003AC862 /* MainWindow.xib in Resources */,
				8AE90AD51858501F003AC862 /* Images.xcassets in Resources */,
				8AE90AC71858501F003AC862 /* InfoPlist.strings in Resources */,
				8AE90AFA18585257003AC862 /* cover.mp4 in Resources */,
			);
			runOnlyForDeploymentPostprocessing = 0;
		};
		8AE90AD818585020003AC862 /* Resources */ = {
			isa = PBXResourcesBuildPhase;
			buildActionMask = 2147483647;
			files = (
				8AE90AE618585020003AC862 /* InfoPlist.strings in Resources */,
			);
			runOnlyForDeploymentPostprocessing = 0;
		};
/* End PBXResourcesBuildPhase section */

/* Begin PBXSourcesBuildPhase section */
		8AE90AB51858501F003AC862 /* Sources */ = {
			isa = PBXSourcesBuildPhase;
			buildActionMask = 2147483647;
			files = (
				8AE90AF71858513B003AC862 /* PlayerViewController.m in Sources */,
				8AE90ACD1858501F003AC862 /* AppDelegate.m in Sources */,
				8AE90AC91858501F003AC862 /* main.m in Sources */,
			);
			runOnlyForDeploymentPostprocessing = 0;
		};
		8AE90AD618585020003AC862 /* Sources */ = {
			isa = PBXSourcesBuildPhase;
			buildActionMask = 2147483647;
			files = (
				8AE90AE818585020003AC862 /* LoopMovieTests.m in Sources */,
			);
			runOnlyForDeploymentPostprocessing = 0;
		};
/* End PBXSourcesBuildPhase section */

/* Begin PBXTargetDependency section */
		8AE90AE018585020003AC862 /* PBXTargetDependency */ = {
			isa = PBXTargetDependency;
			target = 8AE90AB81858501F003AC862 /* LoopMovie */;
			targetProxy = 8AE90ADF18585020003AC862 /* PBXContainerItemProxy */;
		};
/* End PBXTargetDependency section */

/* Begin PBXVariantGroup section */
		8AE90AC51858501F003AC862 /* InfoPlist.strings */ = {
			isa = PBXVariantGroup;
			children = (
				8AE90AC61858501F003AC862 /* en */,
			);
			name = InfoPlist.strings;
			sourceTree = "<group>";
		};
		8AE90AE418585020003AC862 /* InfoPlist.strings */ = {
			isa = PBXVariantGroup;
			children = (
				8AE90AE518585020003AC862 /* en */,
			);
			name = InfoPlist.strings;
			sourceTree = "<group>";
		};
/* End PBXVariantGroup section */

/* Begin XCBuildConfiguration section */
		8AE90AE918585020003AC862 /* Debug */ = {
			isa = XCBuildConfiguration;
			buildSettings = {
				ALWAYS_SEARCH_USER_PATHS = NO;
				ARCHS = "$(ARCHS_STANDARD_INCLUDING_64_BIT)";
				CLANG_CXX_LANGUAGE_STANDARD = "gnu++0x";
				CLANG_CXX_LIBRARY = "libc++";
				CLANG_ENABLE_MODULES = YES;
				CLANG_ENABLE_OBJC_ARC = YES;
				CLANG_WARN_BOOL_CONVERSION = YES;
				CLANG_WARN_CONSTANT_CONVERSION = YES;
				CLANG_WARN_DIRECT_OBJC_ISA_USAGE = YES_ERROR;
				CLANG_WARN_EMPTY_BODY = YES;
				CLANG_WARN_ENUM_CONVERSION = YES;
				CLANG_WARN_INT_CONVERSION = YES;
				CLANG_WARN_OBJC_ROOT_CLASS = YES_ERROR;
				CLANG_WARN__DUPLICATE_METHOD_MATCH = YES;
				"CODE_SIGN_IDENTITY[sdk=iphoneos*]" = "iPhone Developer";
				COPY_PHASE_STRIP = NO;
				GCC_C_LANGUAGE_STANDARD = gnu99;
				GCC_DYNAMIC_NO_PIC = NO;
				GCC_OPTIMIZATION_LEVEL = 0;
				GCC_PREPROCESSOR_DEFINITIONS = (
					"DEBUG=1",
					"$(inherited)",
				);
				GCC_SYMBOLS_PRIVATE_EXTERN = NO;
				GCC_WARN_64_TO_32_BIT_CONVERSION = YES;
				GCC_WARN_ABOUT_RETURN_TYPE = YES_ERROR;
				GCC_WARN_UNDECLARED_SELECTOR = YES;
				GCC_WARN_UNINITIALIZED_AUTOS = YES;
				GCC_WARN_UNUSED_FUNCTION = YES;
				GCC_WARN_UNUSED_VARIABLE = YES;
				IPHONEOS_DEPLOYMENT_TARGET = 7.0;
				ONLY_ACTIVE_ARCH = YES;
				SDKROOT = iphoneos;
				TARGETED_DEVICE_FAMILY = 2;
			};
			name = Debug;
		};
		8AE90AEA18585020003AC862 /* Release */ = {
			isa = XCBuildConfiguration;
			buildSettings = {
				ALWAYS_SEARCH_USER_PATHS = NO;
				ARCHS = "$(ARCHS_STANDARD_INCLUDING_64_BIT)";
				CLANG_CXX_LANGUAGE_STANDARD = "gnu++0x";
				CLANG_CXX_LIBRARY = "libc++";
				CLANG_ENABLE_MODULES = YES;
				CLANG_ENABLE_OBJC_ARC = YES;
				CLANG_WARN_BOOL_CONVERSION = YES;
				CLANG_WARN_CONSTANT_CONVERSION = YES;
				CLANG_WARN_DIRECT_OBJC_ISA_USAGE = YES_ERROR;
				CLANG_WARN_EMPTY_BODY = YES;
				CLANG_WARN_ENUM_CONVERSION = YES;
				CLANG_WARN_INT_CONVERSION = YES;
				CLANG_WARN_OBJC_ROOT_CLASS = YES_ERROR;
				CLANG_WARN__DUPLICATE_METHOD_MATCH = YES;
				"CODE_SIGN_IDENTITY[sdk=iphoneos*]" = "iPhone Developer";
				COPY_PHASE_STRIP = YES;
				ENABLE_NS_ASSERTIONS = NO;
				GCC_C_LANGUAGE_STANDARD = gnu99;
				GCC_WARN_64_TO_32_BIT_CONVERSION = YES;
				GCC_WARN_ABOUT_RETURN_TYPE = YES_ERROR;
				GCC_WARN_UNDECLARED_SELECTOR = YES;
				GCC_WARN_UNINITIALIZED_AUTOS = YES;
				GCC_WARN_UNUSED_FUNCTION = YES;
				GCC_WARN_UNUSED_VARIABLE = YES;
				IPHONEOS_DEPLOYMENT_TARGET = 7.0;
				SDKROOT = iphoneos;
				TARGETED_DEVICE_FAMILY = 2;
				VALIDATE_PRODUCT = YES;
			};
			name = Release;
		};
		8AE90AEC18585020003AC862 /* Debug */ = {
			isa = XCBuildConfiguration;
			buildSettings = {
				ASSETCATALOG_COMPILER_APPICON_NAME = AppIcon;
				ASSETCATALOG_COMPILER_LAUNCHIMAGE_NAME = LaunchImage;
				GCC_PRECOMPILE_PREFIX_HEADER = YES;
				GCC_PREFIX_HEADER = "LoopMovie/LoopMovie-Prefix.pch";
				INFOPLIST_FILE = "LoopMovie/LoopMovie-Info.plist";
				PRODUCT_NAME = "$(TARGET_NAME)";
				WRAPPER_EXTENSION = app;
			};
			name = Debug;
		};
		8AE90AED18585020003AC862 /* Release */ = {
			isa = XCBuildConfiguration;
			buildSettings = {
				ASSETCATALOG_COMPILER_APPICON_NAME = AppIcon;
				ASSETCATALOG_COMPILER_LAUNCHIMAGE_NAME = LaunchImage;
				GCC_PRECOMPILE_PREFIX_HEADER = YES;
				GCC_PREFIX_HEADER = "LoopMovie/LoopMovie-Prefix.pch";
				INFOPLIST_FILE = "LoopMovie/LoopMovie-Info.plist";
				PRODUCT_NAME = "$(TARGET_NAME)";
				WRAPPER_EXTENSION = app;
			};
			name = Release;
		};
		8AE90AEF18585020003AC862 /* Debug */ = {
			isa = XCBuildConfiguration;
			buildSettings = {
				ARCHS = "$(ARCHS_STANDARD_INCLUDING_64_BIT)";
				BUNDLE_LOADER = "$(BUILT_PRODUCTS_DIR)/LoopMovie.app/LoopMovie";
				FRAMEWORK_SEARCH_PATHS = (
					"$(SDKROOT)/Developer/Library/Frameworks",
					"$(inherited)",
					"$(DEVELOPER_FRAMEWORKS_DIR)",
				);
				GCC_PRECOMPILE_PREFIX_HEADER = YES;
				GCC_PREFIX_HEADER = "LoopMovie/LoopMovie-Prefix.pch";
				GCC_PREPROCESSOR_DEFINITIONS = (
					"DEBUG=1",
					"$(inherited)",
				);
				INFOPLIST_FILE = "LoopMovieTests/LoopMovieTests-Info.plist";
				PRODUCT_NAME = "$(TARGET_NAME)";
				TEST_HOST = "$(BUNDLE_LOADER)";
				WRAPPER_EXTENSION = xctest;
			};
			name = Debug;
		};
		8AE90AF018585020003AC862 /* Release */ = {
			isa = XCBuildConfiguration;
			buildSettings = {
				ARCHS = "$(ARCHS_STANDARD_INCLUDING_64_BIT)";
				BUNDLE_LOADER = "$(BUILT_PRODUCTS_DIR)/LoopMovie.app/LoopMovie";
				FRAMEWORK_SEARCH_PATHS = (
					"$(SDKROOT)/Developer/Library/Frameworks",
					"$(inherited)",
					"$(DEVELOPER_FRAMEWORKS_DIR)",
				);
				GCC_PRECOMPILE_PREFIX_HEADER = YES;
				GCC_PREFIX_HEADER = "LoopMovie/LoopMovie-Prefix.pch";
				INFOPLIST_FILE = "LoopMovieTests/LoopMovieTests-Info.plist";
				PRODUCT_NAME = "$(TARGET_NAME)";
				TEST_HOST = "$(BUNDLE_LOADER)";
				WRAPPER_EXTENSION = xctest;
			};
			name = Release;
		};
/* End XCBuildConfiguration section */

/* Begin XCConfigurationList section */
		8AE90AB41858501F003AC862 /* Build configuration list for PBXProject "LoopMovie" */ = {
			isa = XCConfigurationList;
			buildConfigurations = (
				8AE90AE918585020003AC862 /* Debug */,
				8AE90AEA18585020003AC862 /* Release */,
			);
			defaultConfigurationIsVisible = 0;
			defaultConfigurationName = Release;
		};
		8AE90AEB18585020003AC862 /* Build configuration list for PBXNativeTarget "LoopMovie" */ = {
			isa = XCConfigurationList;
			buildConfigurations = (
				8AE90AEC18585020003AC862 /* Debug */,
				8AE90AED18585020003AC862 /* Release */,
			);
			defaultConfigurationIsVisible = 0;
		};
		8AE90AEE18585020003AC862 /* Build configuration list for PBXNativeTarget "LoopMovieTests" */ = {
			isa = XCConfigurationList;
			buildConfigurations = (
				8AE90AEF18585020003AC862 /* Debug */,
				8AE90AF018585020003AC862 /* Release */,
			);
			defaultConfigurationIsVisible = 0;
		};
/* End XCConfigurationList section */
	};
	rootObject = 8AE90AB11858501F003AC862 /* Project object */;
}
